
Microsoft Visual Studio Solution File, Format Version 12.00
# Visual Studio Version 17
VisualStudioVersion = 17.0.31912.275
MinimumVisualStudioVersion = 10.0.40219.1
Project("{9A19103F-16F7-4668-BE54-9A1E7A4F7556}") = "AoE2DELobbyBrowser", "AoE2DELobbyBrowser\AoE2DELobbyBrowser.csproj", "{84B3EC2D-C38C-4D63-9178-6695E0A602DE}"
EndProject
Project("{9A19103F-16F7-4668-BE54-9A1E7A4F7556}") = "AoE2DELobbyBrowser.WebApi", "AoE2DELobbyBrowser.WebApi\AoE2DELobbyBrowser.WebApi.csproj", "{0F9D2745-86B2-4057-B290-E2929CBFA029}"
EndProject
Project("{9A19103F-16F7-4668-BE54-9A1E7A4F7556}") = "AoE2DELobbyBrowser.Tests", "AoE2DELobbyBrowser.Tests\AoE2DELobbyBrowser.Tests.csproj", "{891F4D81-9347-407F-A36A-5FAE07A79685}"
EndProject
Project("{9A19103F-16F7-4668-BE54-9A1E7A4F7556}") = "AoE2DELobbyBrowserAvalonia", "Avalonia\AoE2DELobbyBrowserAvalonia\AoE2DELobbyBrowserAvalonia.csproj", "{B3200BF6-5527-4D93-B279-185C28F8B326}"
EndProject
Project("{9A19103F-16F7-4668-BE54-9A1E7A4F7556}") = "AoE2DELobbyBrowserAvalonia.Desktop", "Avalonia\AoE2DELobbyBrowserAvalonia.Desktop\AoE2DELobbyBrowserAvalonia.Desktop.csproj", "{390D07D3-E15E-4619-9CC3-E8B1A42ECD55}"
EndProject
Project("{C7167F0D-BC9F-4E6E-AFE1-012C56B48DB5}") = "AoE2DELobbyBrowserAvalonia.WinAppPackaging", "Avalonia\AoE2DELobbyBrowserAvalonia.WinAppPackaging\AoE2DELobbyBrowserAvalonia.WinAppPackaging.wapproj", "{7FDEA796-122D-4FE5-9B52-E8F267B01180}"
EndProject
Project("{FAE04EC0-301F-11D3-BF4B-00C04F79EFBC}") = "AoE2DELobbyBrowser.Core", "AoE2DELobbyBrowser.Core\AoE2DELobbyBrowser.Core.csproj", "{E889C5FA-6E97-4610-8A49-F5959BD462D6}"
EndProject
Project("{FAE04EC0-301F-11D3-BF4B-00C04F79EFBC}") = "AoE2DELobbyBrowser.WebApi.Database", "AoE2DELobbyBrowser.WebApi.Database\AoE2DELobbyBrowser.WebApi.Database.csproj", "{616003C7-7AAA-40A2-A1F2-A55573090694}"
EndProject
Global
	GlobalSection(SolutionConfigurationPlatforms) = preSolution
		Debug|Any CPU = Debug|Any CPU
		Debug|ARM = Debug|ARM
		Debug|ARM64 = Debug|ARM64
		Debug|x64 = Debug|x64
		Debug|x86 = Debug|x86
		Release|Any CPU = Release|Any CPU
		Release|ARM = Release|ARM
		Release|ARM64 = Release|ARM64
		Release|x64 = Release|x64
		Release|x86 = Release|x86
	EndGlobalSection
	GlobalSection(ProjectConfigurationPlatforms) = postSolution
		{84B3EC2D-C38C-4D63-9178-6695E0A602DE}.Debug|Any CPU.ActiveCfg = Debug|x64
		{84B3EC2D-C38C-4D63-9178-6695E0A602DE}.Debug|Any CPU.Build.0 = Debug|x64
		{84B3EC2D-C38C-4D63-9178-6695E0A602DE}.Debug|Any CPU.Deploy.0 = Debug|x64
		{84B3EC2D-C38C-4D63-9178-6695E0A602DE}.Debug|ARM.ActiveCfg = Debug|x64
		{84B3EC2D-C38C-4D63-9178-6695E0A602DE}.Debug|ARM.Build.0 = Debug|x64
		{84B3EC2D-C38C-4D63-9178-6695E0A602DE}.Debug|ARM.Deploy.0 = Debug|x64
		{84B3EC2D-C38C-4D63-9178-6695E0A602DE}.Debug|ARM64.ActiveCfg = Debug|x64
		{84B3EC2D-C38C-4D63-9178-6695E0A602DE}.Debug|ARM64.Build.0 = Debug|x64
		{84B3EC2D-C38C-4D63-9178-6695E0A602DE}.Debug|ARM64.Deploy.0 = Debug|x64
		{84B3EC2D-C38C-4D63-9178-6695E0A602DE}.Debug|x64.ActiveCfg = Debug|x64
		{84B3EC2D-C38C-4D63-9178-6695E0A602DE}.Debug|x64.Build.0 = Debug|x64
		{84B3EC2D-C38C-4D63-9178-6695E0A602DE}.Debug|x64.Deploy.0 = Debug|x64
		{84B3EC2D-C38C-4D63-9178-6695E0A602DE}.Debug|x86.ActiveCfg = Debug|x86
		{84B3EC2D-C38C-4D63-9178-6695E0A602DE}.Debug|x86.Build.0 = Debug|x86
		{84B3EC2D-C38C-4D63-9178-6695E0A602DE}.Debug|x86.Deploy.0 = Debug|x86
		{84B3EC2D-C38C-4D63-9178-6695E0A602DE}.Release|Any CPU.ActiveCfg = Release|x64
		{84B3EC2D-C38C-4D63-9178-6695E0A602DE}.Release|Any CPU.Build.0 = Release|x64
		{84B3EC2D-C38C-4D63-9178-6695E0A602DE}.Release|Any CPU.Deploy.0 = Release|x64
		{84B3EC2D-C38C-4D63-9178-6695E0A602DE}.Release|ARM.ActiveCfg = Release|x64
		{84B3EC2D-C38C-4D63-9178-6695E0A602DE}.Release|ARM.Build.0 = Release|x64
		{84B3EC2D-C38C-4D63-9178-6695E0A602DE}.Release|ARM.Deploy.0 = Release|x64
		{84B3EC2D-C38C-4D63-9178-6695E0A602DE}.Release|ARM64.ActiveCfg = Release|x64
		{84B3EC2D-C38C-4D63-9178-6695E0A602DE}.Release|ARM64.Build.0 = Release|x64
		{84B3EC2D-C38C-4D63-9178-6695E0A602DE}.Release|ARM64.Deploy.0 = Release|x64
		{84B3EC2D-C38C-4D63-9178-6695E0A602DE}.Release|x64.ActiveCfg = Release|x64
		{84B3EC2D-C38C-4D63-9178-6695E0A602DE}.Release|x64.Build.0 = Release|x64
		{84B3EC2D-C38C-4D63-9178-6695E0A602DE}.Release|x64.Deploy.0 = Release|x64
		{84B3EC2D-C38C-4D63-9178-6695E0A602DE}.Release|x86.ActiveCfg = Release|x86
		{84B3EC2D-C38C-4D63-9178-6695E0A602DE}.Release|x86.Build.0 = Release|x86
		{84B3EC2D-C38C-4D63-9178-6695E0A602DE}.Release|x86.Deploy.0 = Release|x86
		{0F9D2745-86B2-4057-B290-E2929CBFA029}.Debug|Any CPU.ActiveCfg = Debug|Any CPU
		{0F9D2745-86B2-4057-B290-E2929CBFA029}.Debug|Any CPU.Build.0 = Debug|Any CPU
		{0F9D2745-86B2-4057-B290-E2929CBFA029}.Debug|ARM.ActiveCfg = Debug|Any CPU
		{0F9D2745-86B2-4057-B290-E2929CBFA029}.Debug|ARM.Build.0 = Debug|Any CPU
		{0F9D2745-86B2-4057-B290-E2929CBFA029}.Debug|ARM64.ActiveCfg = Debug|Any CPU
		{0F9D2745-86B2-4057-B290-E2929CBFA029}.Debug|ARM64.Build.0 = Debug|Any CPU
		{0F9D2745-86B2-4057-B290-E2929CBFA029}.Debug|x64.ActiveCfg = Debug|Any CPU
		{0F9D2745-86B2-4057-B290-E2929CBFA029}.Debug|x64.Build.0 = Debug|Any CPU
		{0F9D2745-86B2-4057-B290-E2929CBFA029}.Debug|x86.ActiveCfg = Debug|Any CPU
		{0F9D2745-86B2-4057-B290-E2929CBFA029}.Debug|x86.Build.0 = Debug|Any CPU
		{0F9D2745-86B2-4057-B290-E2929CBFA029}.Release|Any CPU.ActiveCfg = Release|Any CPU
		{0F9D2745-86B2-4057-B290-E2929CBFA029}.Release|Any CPU.Build.0 = Release|Any CPU
		{0F9D2745-86B2-4057-B290-E2929CBFA029}.Release|ARM.ActiveCfg = Release|Any CPU
		{0F9D2745-86B2-4057-B290-E2929CBFA029}.Release|ARM.Build.0 = Release|Any CPU
		{0F9D2745-86B2-4057-B290-E2929CBFA029}.Release|ARM64.ActiveCfg = Release|Any CPU
		{0F9D2745-86B2-4057-B290-E2929CBFA029}.Release|ARM64.Build.0 = Release|Any CPU
		{0F9D2745-86B2-4057-B290-E2929CBFA029}.Release|x64.ActiveCfg = Release|Any CPU
		{0F9D2745-86B2-4057-B290-E2929CBFA029}.Release|x64.Build.0 = Release|Any CPU
		{0F9D2745-86B2-4057-B290-E2929CBFA029}.Release|x86.ActiveCfg = Release|Any CPU
		{0F9D2745-86B2-4057-B290-E2929CBFA029}.Release|x86.Build.0 = Release|Any CPU
		{891F4D81-9347-407F-A36A-5FAE07A79685}.Debug|Any CPU.ActiveCfg = Debug|Any CPU
		{891F4D81-9347-407F-A36A-5FAE07A79685}.Debug|Any CPU.Build.0 = Debug|Any CPU
		{891F4D81-9347-407F-A36A-5FAE07A79685}.Debug|ARM.ActiveCfg = Debug|Any CPU
		{891F4D81-9347-407F-A36A-5FAE07A79685}.Debug|ARM.Build.0 = Debug|Any CPU
		{891F4D81-9347-407F-A36A-5FAE07A79685}.Debug|ARM64.ActiveCfg = Debug|Any CPU
		{891F4D81-9347-407F-A36A-5FAE07A79685}.Debug|ARM64.Build.0 = Debug|Any CPU
		{891F4D81-9347-407F-A36A-5FAE07A79685}.Debug|x64.ActiveCfg = Debug|Any CPU
		{891F4D81-9347-407F-A36A-5FAE07A79685}.Debug|x64.Build.0 = Debug|Any CPU
		{891F4D81-9347-407F-A36A-5FAE07A79685}.Debug|x86.ActiveCfg = Debug|Any CPU
		{891F4D81-9347-407F-A36A-5FAE07A79685}.Debug|x86.Build.0 = Debug|Any CPU
		{891F4D81-9347-407F-A36A-5FAE07A79685}.Release|Any CPU.ActiveCfg = Release|Any CPU
		{891F4D81-9347-407F-A36A-5FAE07A79685}.Release|Any CPU.Build.0 = Release|Any CPU
		{891F4D81-9347-407F-A36A-5FAE07A79685}.Release|ARM.ActiveCfg = Release|Any CPU
		{891F4D81-9347-407F-A36A-5FAE07A79685}.Release|ARM.Build.0 = Release|Any CPU
		{891F4D81-9347-407F-A36A-5FAE07A79685}.Release|ARM64.ActiveCfg = Release|Any CPU
		{891F4D81-9347-407F-A36A-5FAE07A79685}.Release|ARM64.Build.0 = Release|Any CPU
		{891F4D81-9347-407F-A36A-5FAE07A79685}.Release|x64.ActiveCfg = Release|Any CPU
		{891F4D81-9347-407F-A36A-5FAE07A79685}.Release|x64.Build.0 = Release|Any CPU
		{891F4D81-9347-407F-A36A-5FAE07A79685}.Release|x86.ActiveCfg = Release|Any CPU
		{891F4D81-9347-407F-A36A-5FAE07A79685}.Release|x86.Build.0 = Release|Any CPU
		{B3200BF6-5527-4D93-B279-185C28F8B326}.Debug|Any CPU.ActiveCfg = Debug|Any CPU
		{B3200BF6-5527-4D93-B279-185C28F8B326}.Debug|Any CPU.Build.0 = Debug|Any CPU
		{B3200BF6-5527-4D93-B279-185C28F8B326}.Debug|ARM.ActiveCfg = Debug|Any CPU
		{B3200BF6-5527-4D93-B279-185C28F8B326}.Debug|ARM.Build.0 = Debug|Any CPU
		{B3200BF6-5527-4D93-B279-185C28F8B326}.Debug|ARM64.ActiveCfg = Debug|Any CPU
		{B3200BF6-5527-4D93-B279-185C28F8B326}.Debug|ARM64.Build.0 = Debug|Any CPU
		{B3200BF6-5527-4D93-B279-185C28F8B326}.Debug|x64.ActiveCfg = Debug|Any CPU
		{B3200BF6-5527-4D93-B279-185C28F8B326}.Debug|x64.Build.0 = Debug|Any CPU
		{B3200BF6-5527-4D93-B279-185C28F8B326}.Debug|x86.ActiveCfg = Debug|Any CPU
		{B3200BF6-5527-4D93-B279-185C28F8B326}.Debug|x86.Build.0 = Debug|Any CPU
		{B3200BF6-5527-4D93-B279-185C28F8B326}.Release|Any CPU.ActiveCfg = Release|Any CPU
		{B3200BF6-5527-4D93-B279-185C28F8B326}.Release|Any CPU.Build.0 = Release|Any CPU
		{B3200BF6-5527-4D93-B279-185C28F8B326}.Release|ARM.ActiveCfg = Release|Any CPU
		{B3200BF6-5527-4D93-B279-185C28F8B326}.Release|ARM.Build.0 = Release|Any CPU
		{B3200BF6-5527-4D93-B279-185C28F8B326}.Release|ARM64.ActiveCfg = Release|Any CPU
		{B3200BF6-5527-4D93-B279-185C28F8B326}.Release|ARM64.Build.0 = Release|Any CPU
		{B3200BF6-5527-4D93-B279-185C28F8B326}.Release|x64.ActiveCfg = Release|Any CPU
		{B3200BF6-5527-4D93-B279-185C28F8B326}.Release|x64.Build.0 = Release|Any CPU
		{B3200BF6-5527-4D93-B279-185C28F8B326}.Release|x86.ActiveCfg = Release|Any CPU
		{B3200BF6-5527-4D93-B279-185C28F8B326}.Release|x86.Build.0 = Release|Any CPU
		{390D07D3-E15E-4619-9CC3-E8B1A42ECD55}.Debug|Any CPU.ActiveCfg = Debug|Any CPU
		{390D07D3-E15E-4619-9CC3-E8B1A42ECD55}.Debug|Any CPU.Build.0 = Debug|Any CPU
		{390D07D3-E15E-4619-9CC3-E8B1A42ECD55}.Debug|ARM.ActiveCfg = Debug|Any CPU
		{390D07D3-E15E-4619-9CC3-E8B1A42ECD55}.Debug|ARM.Build.0 = Debug|Any CPU
		{390D07D3-E15E-4619-9CC3-E8B1A42ECD55}.Debug|ARM64.ActiveCfg = Debug|Any CPU
		{390D07D3-E15E-4619-9CC3-E8B1A42ECD55}.Debug|ARM64.Build.0 = Debug|Any CPU
		{390D07D3-E15E-4619-9CC3-E8B1A42ECD55}.Debug|x64.ActiveCfg = Debug|Any CPU
		{390D07D3-E15E-4619-9CC3-E8B1A42ECD55}.Debug|x64.Build.0 = Debug|Any CPU
		{390D07D3-E15E-4619-9CC3-E8B1A42ECD55}.Debug|x86.ActiveCfg = Debug|Any CPU
		{390D07D3-E15E-4619-9CC3-E8B1A42ECD55}.Debug|x86.Build.0 = Debug|Any CPU
		{390D07D3-E15E-4619-9CC3-E8B1A42ECD55}.Release|Any CPU.ActiveCfg = Release|Any CPU
		{390D07D3-E15E-4619-9CC3-E8B1A42ECD55}.Release|Any CPU.Build.0 = Release|Any CPU
		{390D07D3-E15E-4619-9CC3-E8B1A42ECD55}.Release|ARM.ActiveCfg = Release|Any CPU
		{390D07D3-E15E-4619-9CC3-E8B1A42ECD55}.Release|ARM.Build.0 = Release|Any CPU
		{390D07D3-E15E-4619-9CC3-E8B1A42ECD55}.Release|ARM64.ActiveCfg = Release|Any CPU
		{390D07D3-E15E-4619-9CC3-E8B1A42ECD55}.Release|ARM64.Build.0 = Release|Any CPU
		{390D07D3-E15E-4619-9CC3-E8B1A42ECD55}.Release|x64.ActiveCfg = Release|Any CPU
		{390D07D3-E15E-4619-9CC3-E8B1A42ECD55}.Release|x64.Build.0 = Release|Any CPU
		{390D07D3-E15E-4619-9CC3-E8B1A42ECD55}.Release|x86.ActiveCfg = Release|Any CPU
		{390D07D3-E15E-4619-9CC3-E8B1A42ECD55}.Release|x86.Build.0 = Release|Any CPU
		{7FDEA796-122D-4FE5-9B52-E8F267B01180}.Debug|Any CPU.ActiveCfg = Debug|Any CPU
		{7FDEA796-122D-4FE5-9B52-E8F267B01180}.Debug|Any CPU.Build.0 = Debug|Any CPU
		{7FDEA796-122D-4FE5-9B52-E8F267B01180}.Debug|Any CPU.Deploy.0 = Debug|Any CPU
		{7FDEA796-122D-4FE5-9B52-E8F267B01180}.Debug|ARM.ActiveCfg = Debug|ARM
		{7FDEA796-122D-4FE5-9B52-E8F267B01180}.Debug|ARM.Build.0 = Debug|ARM
		{7FDEA796-122D-4FE5-9B52-E8F267B01180}.Debug|ARM.Deploy.0 = Debug|ARM
		{7FDEA796-122D-4FE5-9B52-E8F267B01180}.Debug|ARM64.ActiveCfg = Debug|ARM64
		{7FDEA796-122D-4FE5-9B52-E8F267B01180}.Debug|ARM64.Build.0 = Debug|ARM64
		{7FDEA796-122D-4FE5-9B52-E8F267B01180}.Debug|ARM64.Deploy.0 = Debug|ARM64
		{7FDEA796-122D-4FE5-9B52-E8F267B01180}.Debug|x64.ActiveCfg = Debug|x64
		{7FDEA796-122D-4FE5-9B52-E8F267B01180}.Debug|x64.Build.0 = Debug|x64
		{7FDEA796-122D-4FE5-9B52-E8F267B01180}.Debug|x64.Deploy.0 = Debug|x64
		{7FDEA796-122D-4FE5-9B52-E8F267B01180}.Debug|x86.ActiveCfg = Debug|x86
		{7FDEA796-122D-4FE5-9B52-E8F267B01180}.Debug|x86.Build.0 = Debug|x86
		{7FDEA796-122D-4FE5-9B52-E8F267B01180}.Debug|x86.Deploy.0 = Debug|x86
		{7FDEA796-122D-4FE5-9B52-E8F267B01180}.Release|Any CPU.ActiveCfg = Release|Any CPU
		{7FDEA796-122D-4FE5-9B52-E8F267B01180}.Release|Any CPU.Build.0 = Release|Any CPU
		{7FDEA796-122D-4FE5-9B52-E8F267B01180}.Release|Any CPU.Deploy.0 = Release|Any CPU
		{7FDEA796-122D-4FE5-9B52-E8F267B01180}.Release|ARM.ActiveCfg = Release|ARM
		{7FDEA796-122D-4FE5-9B52-E8F267B01180}.Release|ARM.Build.0 = Release|ARM
		{7FDEA796-122D-4FE5-9B52-E8F267B01180}.Release|ARM.Deploy.0 = Release|ARM
		{7FDEA796-122D-4FE5-9B52-E8F267B01180}.Release|ARM64.ActiveCfg = Release|ARM64
		{7FDEA796-122D-4FE5-9B52-E8F267B01180}.Release|ARM64.Build.0 = Release|ARM64
		{7FDEA796-122D-4FE5-9B52-E8F267B01180}.Release|ARM64.Deploy.0 = Release|ARM64
		{7FDEA796-122D-4FE5-9B52-E8F267B01180}.Release|x64.ActiveCfg = Release|x64
		{7FDEA796-122D-4FE5-9B52-E8F267B01180}.Release|x64.Build.0 = Release|x64
		{7FDEA796-122D-4FE5-9B52-E8F267B01180}.Release|x64.Deploy.0 = Release|x64
		{7FDEA796-122D-4FE5-9B52-E8F267B01180}.Release|x86.ActiveCfg = Release|x86
		{7FDEA796-122D-4FE5-9B52-E8F267B01180}.Release|x86.Build.0 = Release|x86
		{7FDEA796-122D-4FE5-9B52-E8F267B01180}.Release|x86.Deploy.0 = Release|x86
		{E889C5FA-6E97-4610-8A49-F5959BD462D6}.Debug|Any CPU.ActiveCfg = Debug|Any CPU
		{E889C5FA-6E97-4610-8A49-F5959BD462D6}.Debug|Any CPU.Build.0 = Debug|Any CPU
		{E889C5FA-6E97-4610-8A49-F5959BD462D6}.Debug|ARM.ActiveCfg = Debug|Any CPU
		{E889C5FA-6E97-4610-8A49-F5959BD462D6}.Debug|ARM.Build.0 = Debug|Any CPU
		{E889C5FA-6E97-4610-8A49-F5959BD462D6}.Debug|ARM64.ActiveCfg = Debug|Any CPU
		{E889C5FA-6E97-4610-8A49-F5959BD462D6}.Debug|ARM64.Build.0 = Debug|Any CPU
		{E889C5FA-6E97-4610-8A49-F5959BD462D6}.Debug|x64.ActiveCfg = Debug|Any CPU
		{E889C5FA-6E97-4610-8A49-F5959BD462D6}.Debug|x64.Build.0 = Debug|Any CPU
		{E889C5FA-6E97-4610-8A49-F5959BD462D6}.Debug|x86.ActiveCfg = Debug|Any CPU
		{E889C5FA-6E97-4610-8A49-F5959BD462D6}.Debug|x86.Build.0 = Debug|Any CPU
		{E889C5FA-6E97-4610-8A49-F5959BD462D6}.Release|Any CPU.ActiveCfg = Release|Any CPU
		{E889C5FA-6E97-4610-8A49-F5959BD462D6}.Release|Any CPU.Build.0 = Release|Any CPU
		{E889C5FA-6E97-4610-8A49-F5959BD462D6}.Release|ARM.ActiveCfg = Release|Any CPU
		{E889C5FA-6E97-4610-8A49-F5959BD462D6}.Release|ARM.Build.0 = Release|Any CPU
		{E889C5FA-6E97-4610-8A49-F5959BD462D6}.Release|ARM64.ActiveCfg = Release|Any CPU
		{E889C5FA-6E97-4610-8A49-F5959BD462D6}.Release|ARM64.Build.0 = Release|Any CPU
		{E889C5FA-6E97-4610-8A49-F5959BD462D6}.Release|x64.ActiveCfg = Release|Any CPU
		{E889C5FA-6E97-4610-8A49-F5959BD462D6}.Release|x64.Build.0 = Release|Any CPU
		{E889C5FA-6E97-4610-8A49-F5959BD462D6}.Release|x86.ActiveCfg = Release|Any CPU
		{E889C5FA-6E97-4610-8A49-F5959BD462D6}.Release|x86.Build.0 = Release|Any CPU
		{616003C7-7AAA-40A2-A1F2-A55573090694}.Debug|Any CPU.ActiveCfg = Debug|Any CPU
		{616003C7-7AAA-40A2-A1F2-A55573090694}.Debug|Any CPU.Build.0 = Debug|Any CPU
		{616003C7-7AAA-40A2-A1F2-A55573090694}.Debug|ARM.ActiveCfg = Debug|Any CPU
		{616003C7-7AAA-40A2-A1F2-A55573090694}.Debug|ARM.Build.0 = Debug|Any CPU
		{616003C7-7AAA-40A2-A1F2-A55573090694}.Debug|ARM64.ActiveCfg = Debug|Any CPU
		{616003C7-7AAA-40A2-A1F2-A55573090694}.Debug|ARM64.Build.0 = Debug|Any CPU
		{616003C7-7AAA-40A2-A1F2-A55573090694}.Debug|x64.ActiveCfg = Debug|Any CPU
		{616003C7-7AAA-40A2-A1F2-A55573090694}.Debug|x64.Build.0 = Debug|Any CPU
		{616003C7-7AAA-40A2-A1F2-A55573090694}.Debug|x86.ActiveCfg = Debug|Any CPU
		{616003C7-7AAA-40A2-A1F2-A55573090694}.Debug|x86.Build.0 = Debug|Any CPU
		{616003C7-7AAA-40A2-A1F2-A55573090694}.Release|Any CPU.ActiveCfg = Release|Any CPU
		{616003C7-7AAA-40A2-A1F2-A55573090694}.Release|Any CPU.Build.0 = Release|Any CPU
		{616003C7-7AAA-40A2-A1F2-A55573090694}.Release|ARM.ActiveCfg = Release|Any CPU
		{616003C7-7AAA-40A2-A1F2-A55573090694}.Release|ARM.Build.0 = Release|Any CPU
		{616003C7-7AAA-40A2-A1F2-A55573090694}.Release|ARM64.ActiveCfg = Release|Any CPU
		{616003C7-7AAA-40A2-A1F2-A55573090694}.Release|ARM64.Build.0 = Release|Any CPU
		{616003C7-7AAA-40A2-A1F2-A55573090694}.Release|x64.ActiveCfg = Release|Any CPU
		{616003C7-7AAA-40A2-A1F2-A55573090694}.Release|x64.Build.0 = Release|Any CPU
		{616003C7-7AAA-40A2-A1F2-A55573090694}.Release|x86.ActiveCfg = Release|Any CPU
		{616003C7-7AAA-40A2-A1F2-A55573090694}.Release|x86.Build.0 = Release|Any CPU
	EndGlobalSection
	GlobalSection(SolutionProperties) = preSolution
		HideSolutionNode = FALSE
	EndGlobalSection
	GlobalSection(ExtensibilityGlobals) = postSolution
		SolutionGuid = {F4E4182E-EAD0-4726-B126-BFD5AECB0282}
	EndGlobalSection
EndGlobal
